
Microsoft Visual Studio Solution File, Format Version 12.00
# Visual Studio 15
VisualStudioVersion = 15.0.28307.572
MinimumVisualStudioVersion = 10.0.40219.1
Project("{8BC9CEB8-8B4A-11D0-8D11-00A0C91BC942}") = "randomx", "vcxproj\randomx.vcxproj", "{3346A4AD-C438-4324-8B77-47A16452954B}"
EndProject
Project("{2150E333-8FDC-42A3-9474-1A3956D46DE8}") = "tests", "tests", "{4A4A689F-86AF-41C0-A974-1080506D0923}"
EndProject
Project("{8BC9CEB8-8B4A-11D0-8D11-00A0C91BC942}") = "superscalar-avalanche", "vcxproj\superscalar-avalanche.vcxproj", "{CF34A7EF-7DC9-4077-94A5-76F5425EA938}"
EndProject
Project("{8BC9CEB8-8B4A-11D0-8D11-00A0C91BC942}") = "superscalar-init", "vcxproj\superscalar-init.vcxproj", "{E59DC709-9B12-4A53-BAF3-79398821C376}"
EndProject
Project("{8BC9CEB8-8B4A-11D0-8D11-00A0C91BC942}") = "superscalar-stats", "vcxproj\superscalar-stats.vcxproj", "{0173D560-8C12-46B3-B467-0C6E7573AA0B}"
EndProject
Project("{8BC9CEB8-8B4A-11D0-8D11-00A0C91BC942}") = "benchmark", "vcxproj\benchmark.vcxproj", "{1E8A2E2F-9F9F-43AA-BB19-9107FEC64A70}"
EndProject
Project("{8BC9CEB8-8B4A-11D0-8D11-00A0C91BC942}") = "api-example1", "vcxproj\api-example1.vcxproj", "{83EA3E54-5D91-4E01-8EF6-C1E718334F83}"
EndProject
Project("{8BC9CEB8-8B4A-11D0-8D11-00A0C91BC942}") = "api-example2", "vcxproj\api-example2.vcxproj", "{44947B9C-E6B1-4C06-BD01-F8EF43B59223}"
EndProject
Project("{8BC9CEB8-8B4A-11D0-8D11-00A0C91BC942}") = "code-generator", "vcxproj\code-generator.vcxproj", "{3E490DEC-1874-43AA-92DA-1AC57C217EAC}"
EndProject
Project("{8BC9CEB8-8B4A-11D0-8D11-00A0C91BC942}") = "scratchpad-entropy", "vcxproj\scratchpad-entropy.vcxproj", "{FF8BD408-AFD8-43C6-BE98-4D03B37E840B}"
EndProject
Project("{8BC9CEB8-8B4A-11D0-8D11-00A0C91BC942}") = "jit-performance", "vcxproj\jit-performance.vcxproj", "{535F2111-FA81-4C76-A354-EDD2F9AA00E3}"
EndProject
Project("{8BC9CEB8-8B4A-11D0-8D11-00A0C91BC942}") = "perf-simulation", "vcxproj\perf-simulation.vcxproj", "{F1FC7AC0-2773-4A57-AFA7-56BB07216AA2}"
EndProject
Project("{8BC9CEB8-8B4A-11D0-8D11-00A0C91BC942}") = "runtime-distr", "vcxproj\runtime-distr.vcxproj", "{F207EC8C-C55F-46C0-8851-887A71574F54}"
EndProject
Project("{8BC9CEB8-8B4A-11D0-8D11-00A0C91BC942}") = "randomx-dll", "vcxproj\randomx-dll.vcxproj", "{59560AD8-18E3-463E-A941-BBD808EC7C83}"
EndProject
Global
	GlobalSection(SolutionConfigurationPlatforms) = preSolution
		Debug|x64 = Debug|x64
		Debug|x86 = Debug|x86
		Release|x64 = Release|x64
		Release|x86 = Release|x86
	EndGlobalSection
	GlobalSection(ProjectConfigurationPlatforms) = postSolution
		{3346A4AD-C438-4324-8B77-47A16452954B}.Debug|x64.ActiveCfg = Debug|x64
		{3346A4AD-C438-4324-8B77-47A16452954B}.Debug|x64.Build.0 = Debug|x64
		{3346A4AD-C438-4324-8B77-47A16452954B}.Debug|x86.ActiveCfg = Debug|Win32
		{3346A4AD-C438-4324-8B77-47A16452954B}.Debug|x86.Build.0 = Debug|Win32
		{3346A4AD-C438-4324-8B77-47A16452954B}.Release|x64.ActiveCfg = Release|x64
		{3346A4AD-C438-4324-8B77-47A16452954B}.Release|x64.Build.0 = Release|x64
		{3346A4AD-C438-4324-8B77-47A16452954B}.Release|x86.ActiveCfg = Release|Win32
		{3346A4AD-C438-4324-8B77-47A16452954B}.Release|x86.Build.0 = Release|Win32
		{CF34A7EF-7DC9-4077-94A5-76F5425EA938}.Debug|x64.ActiveCfg = Debug|x64
		{CF34A7EF-7DC9-4077-94A5-76F5425EA938}.Debug|x64.Build.0 = Debug|x64
		{CF34A7EF-7DC9-4077-94A5-76F5425EA938}.Debug|x86.ActiveCfg = Debug|Win32
		{CF34A7EF-7DC9-4077-94A5-76F5425EA938}.Debug|x86.Build.0 = Debug|Win32
		{CF34A7EF-7DC9-4077-94A5-76F5425EA938}.Release|x64.ActiveCfg = Release|x64
		{CF34A7EF-7DC9-4077-94A5-76F5425EA938}.Release|x64.Build.0 = Release|x64
		{CF34A7EF-7DC9-4077-94A5-76F5425EA938}.Release|x86.ActiveCfg = Release|Win32
		{CF34A7EF-7DC9-4077-94A5-76F5425EA938}.Release|x86.Build.0 = Release|Win32
		{E59DC709-9B12-4A53-BAF3-79398821C376}.Debug|x64.ActiveCfg = Debug|x64
		{E59DC709-9B12-4A53-BAF3-79398821C376}.Debug|x64.Build.0 = Debug|x64
		{E59DC709-9B12-4A53-BAF3-79398821C376}.Debug|x86.ActiveCfg = Debug|Win32
		{E59DC709-9B12-4A53-BAF3-79398821C376}.Debug|x86.Build.0 = Debug|Win32
		{E59DC709-9B12-4A53-BAF3-79398821C376}.Release|x64.ActiveCfg = Release|x64
		{E59DC709-9B12-4A53-BAF3-79398821C376}.Release|x64.Build.0 = Release|x64
		{E59DC709-9B12-4A53-BAF3-79398821C376}.Release|x86.ActiveCfg = Release|Win32
		{E59DC709-9B12-4A53-BAF3-79398821C376}.Release|x86.Build.0 = Release|Win32
		{0173D560-8C12-46B3-B467-0C6E7573AA0B}.Debug|x64.ActiveCfg = Debug|x64
		{0173D560-8C12-46B3-B467-0C6E7573AA0B}.Debug|x64.Build.0 = Debug|x64
		{0173D560-8C12-46B3-B467-0C6E7573AA0B}.Debug|x86.ActiveCfg = Debug|Win32
		{0173D560-8C12-46B3-B467-0C6E7573AA0B}.Debug|x86.Build.0 = Debug|Win32
		{0173D560-8C12-46B3-B467-0C6E7573AA0B}.Release|x64.ActiveCfg = Release|x64
		{0173D560-8C12-46B3-B467-0C6E7573AA0B}.Release|x64.Build.0 = Release|x64
		{0173D560-8C12-46B3-B467-0C6E7573AA0B}.Release|x86.ActiveCfg = Release|Win32
		{0173D560-8C12-46B3-B467-0C6E7573AA0B}.Release|x86.Build.0 = Release|Win32
		{1E8A2E2F-9F9F-43AA-BB19-9107FEC64A70}.Debug|x64.ActiveCfg = Debug|x64
		{1E8A2E2F-9F9F-43AA-BB19-9107FEC64A70}.Debug|x64.Build.0 = Debug|x64
		{1E8A2E2F-9F9F-43AA-BB19-9107FEC64A70}.Debug|x86.ActiveCfg = Debug|Win32
		{1E8A2E2F-9F9F-43AA-BB19-9107FEC64A70}.Debug|x86.Build.0 = Debug|Win32
		{1E8A2E2F-9F9F-43AA-BB19-9107FEC64A70}.Release|x64.ActiveCfg = Release|x64
		{1E8A2E2F-9F9F-43AA-BB19-9107FEC64A70}.Release|x64.Build.0 = Release|x64
		{1E8A2E2F-9F9F-43AA-BB19-9107FEC64A70}.Release|x86.ActiveCfg = Release|Win32
		{1E8A2E2F-9F9F-43AA-BB19-9107FEC64A70}.Release|x86.Build.0 = Release|Win32
		{83EA3E54-5D91-4E01-8EF6-C1E718334F83}.Debug|x64.ActiveCfg = Debug|x64
		{83EA3E54-5D91-4E01-8EF6-C1E718334F83}.Debug|x64.Build.0 = Debug|x64
		{83EA3E54-5D91-4E01-8EF6-C1E718334F83}.Debug|x86.ActiveCfg = Debug|Win32
		{83EA3E54-5D91-4E01-8EF6-C1E718334F83}.Debug|x86.Build.0 = Debug|Win32
		{83EA3E54-5D91-4E01-8EF6-C1E718334F83}.Release|x64.ActiveCfg = Release|x64
		{83EA3E54-5D91-4E01-8EF6-C1E718334F83}.Release|x64.Build.0 = Release|x64
		{83EA3E54-5D91-4E01-8EF6-C1E718334F83}.Release|x86.ActiveCfg = Release|Win32
		{83EA3E54-5D91-4E01-8EF6-C1E718334F83}.Release|x86.Build.0 = Release|Win32
		{44947B9C-E6B1-4C06-BD01-F8EF43B59223}.Debug|x64.ActiveCfg = Debug|x64
		{44947B9C-E6B1-4C06-BD01-F8EF43B59223}.Debug|x64.Build.0 = Debug|x64
		{44947B9C-E6B1-4C06-BD01-F8EF43B59223}.Debug|x86.ActiveCfg = Debug|Win32
		{44947B9C-E6B1-4C06-BD01-F8EF43B59223}.Debug|x86.Build.0 = Debug|Win32
		{44947B9C-E6B1-4C06-BD01-F8EF43B59223}.Release|x64.ActiveCfg = Release|x64
		{44947B9C-E6B1-4C06-BD01-F8EF43B59223}.Release|x64.Build.0 = Release|x64
		{44947B9C-E6B1-4C06-BD01-F8EF43B59223}.Release|x86.ActiveCfg = Release|Win32
		{44947B9C-E6B1-4C06-BD01-F8EF43B59223}.Release|x86.Build.0 = Release|Win32
		{3E490DEC-1874-43AA-92DA-1AC57C217EAC}.Debug|x64.ActiveCfg = Debug|x64
		{3E490DEC-1874-43AA-92DA-1AC57C217EAC}.Debug|x64.Build.0 = Debug|x64
		{3E490DEC-1874-43AA-92DA-1AC57C217EAC}.Debug|x86.ActiveCfg = Debug|Win32
		{3E490DEC-1874-43AA-92DA-1AC57C217EAC}.Debug|x86.Build.0 = Debug|Win32
		{3E490DEC-1874-43AA-92DA-1AC57C217EAC}.Release|x64.ActiveCfg = Release|x64
		{3E490DEC-1874-43AA-92DA-1AC57C217EAC}.Release|x64.Build.0 = Release|x64
		{3E490DEC-1874-43AA-92DA-1AC57C217EAC}.Release|x86.ActiveCfg = Release|Win32
		{3E490DEC-1874-43AA-92DA-1AC57C217EAC}.Release|x86.Build.0 = Release|Win32
		{FF8BD408-AFD8-43C6-BE98-4D03B37E840B}.Debug|x64.ActiveCfg = Debug|x64
		{FF8BD408-AFD8-43C6-BE98-4D03B37E840B}.Debug|x64.Build.0 = Debug|x64
		{FF8BD408-AFD8-43C6-BE98-4D03B37E840B}.Debug|x86.ActiveCfg = Debug|Win32
		{FF8BD408-AFD8-43C6-BE98-4D03B37E840B}.Debug|x86.Build.0 = Debug|Win32
		{FF8BD408-AFD8-43C6-BE98-4D03B37E840B}.Release|x64.ActiveCfg = Release|x64
		{FF8BD408-AFD8-43C6-BE98-4D03B37E840B}.Release|x64.Build.0 = Release|x64
		{FF8BD408-AFD8-43C6-BE98-4D03B37E840B}.Release|x86.ActiveCfg = Release|Win32
		{FF8BD408-AFD8-43C6-BE98-4D03B37E840B}.Release|x86.Build.0 = Release|Win32
		{535F2111-FA81-4C76-A354-EDD2F9AA00E3}.Debug|x64.ActiveCfg = Debug|x64
		{535F2111-FA81-4C76-A354-EDD2F9AA00E3}.Debug|x64.Build.0 = Debug|x64
		{535F2111-FA81-4C76-A354-EDD2F9AA00E3}.Debug|x86.ActiveCfg = Debug|Win32
		{535F2111-FA81-4C76-A354-EDD2F9AA00E3}.Debug|x86.Build.0 = Debug|Win32
		{535F2111-FA81-4C76-A354-EDD2F9AA00E3}.Release|x64.ActiveCfg = Release|x64
		{535F2111-FA81-4C76-A354-EDD2F9AA00E3}.Release|x64.Build.0 = Release|x64
		{535F2111-FA81-4C76-A354-EDD2F9AA00E3}.Release|x86.ActiveCfg = Release|Win32
		{535F2111-FA81-4C76-A354-EDD2F9AA00E3}.Release|x86.Build.0 = Release|Win32
		{F1FC7AC0-2773-4A57-AFA7-56BB07216AA2}.Debug|x64.ActiveCfg = Debug|x64
		{F1FC7AC0-2773-4A57-AFA7-56BB07216AA2}.Debug|x64.Build.0 = Debug|x64
		{F1FC7AC0-2773-4A57-AFA7-56BB07216AA2}.Debug|x86.ActiveCfg = Debug|Win32
		{F1FC7AC0-2773-4A57-AFA7-56BB07216AA2}.Debug|x86.Build.0 = Debug|Win32
		{F1FC7AC0-2773-4A57-AFA7-56BB07216AA2}.Release|x64.ActiveCfg = Release|x64
		{F1FC7AC0-2773-4A57-AFA7-56BB07216AA2}.Release|x64.Build.0 = Release|x64
		{F1FC7AC0-2773-4A57-AFA7-56BB07216AA2}.Release|x86.ActiveCfg = Release|Win32
		{F1FC7AC0-2773-4A57-AFA7-56BB07216AA2}.Release|x86.Build.0 = Release|Win32
		{F207EC8C-C55F-46C0-8851-887A71574F54}.Debug|x64.ActiveCfg = Debug|x64
		{F207EC8C-C55F-46C0-8851-887A71574F54}.Debug|x64.Build.0 = Debug|x64
		{F207EC8C-C55F-46C0-8851-887A71574F54}.Debug|x86.ActiveCfg = Debug|Win32
		{F207EC8C-C55F-46C0-8851-887A71574F54}.Debug|x86.Build.0 = Debug|Win32
		{F207EC8C-C55F-46C0-8851-887A71574F54}.Release|x64.ActiveCfg = Release|x64
		{F207EC8C-C55F-46C0-8851-887A71574F54}.Release|x64.Build.0 = Release|x64
		{F207EC8C-C55F-46C0-8851-887A71574F54}.Release|x86.ActiveCfg = Release|Win32
		{F207EC8C-C55F-46C0-8851-887A71574F54}.Release|x86.Build.0 = Release|Win32
		{59560AD8-18E3-463E-A941-BBD808EC7C83}.Debug|x64.ActiveCfg = Debug|x64
		{59560AD8-18E3-463E-A941-BBD808EC7C83}.Debug|x64.Build.0 = Debug|x64
		{59560AD8-18E3-463E-A941-BBD808EC7C83}.Debug|x86.ActiveCfg = Debug|Win32
		{59560AD8-18E3-463E-A941-BBD808EC7C83}.Debug|x86.Build.0 = Debug|Win32
		{59560AD8-18E3-463E-A941-BBD808EC7C83}.Release|x64.ActiveCfg = Release|x64
		{59560AD8-18E3-463E-A941-BBD808EC7C83}.Release|x64.Build.0 = Release|x64
		{59560AD8-18E3-463E-A941-BBD808EC7C83}.Release|x86.ActiveCfg = Release|Win32
		{59560AD8-18E3-463E-A941-BBD808EC7C83}.Release|x86.Build.0 = Release|Win32
	EndGlobalSection
	GlobalSection(SolutionProperties) = preSolution
		HideSolutionNode = FALSE
	EndGlobalSection
	GlobalSection(NestedProjects) = preSolution
		{CF34A7EF-7DC9-4077-94A5-76F5425EA938} = {4A4A689F-86AF-41C0-A974-1080506D0923}
		{E59DC709-9B12-4A53-BAF3-79398821C376} = {4A4A689F-86AF-41C0-A974-1080506D0923}
		{0173D560-8C12-46B3-B467-0C6E7573AA0B} = {4A4A689F-86AF-41C0-A974-1080506D0923}
		{1E8A2E2F-9F9F-43AA-BB19-9107FEC64A70} = {4A4A689F-86AF-41C0-A974-1080506D0923}
		{83EA3E54-5D91-4E01-8EF6-C1E718334F83} = {4A4A689F-86AF-41C0-A974-1080506D0923}
		{44947B9C-E6B1-4C06-BD01-F8EF43B59223} = {4A4A689F-86AF-41C0-A974-1080506D0923}
		{3E490DEC-1874-43AA-92DA-1AC57C217EAC} = {4A4A689F-86AF-41C0-A974-1080506D0923}
		{FF8BD408-AFD8-43C6-BE98-4D03B37E840B} = {4A4A689F-86AF-41C0-A974-1080506D0923}
		{535F2111-FA81-4C76-A354-EDD2F9AA00E3} = {4A4A689F-86AF-41C0-A974-1080506D0923}
		{F1FC7AC0-2773-4A57-AFA7-56BB07216AA2} = {4A4A689F-86AF-41C0-A974-1080506D0923}
		{F207EC8C-C55F-46C0-8851-887A71574F54} = {4A4A689F-86AF-41C0-A974-1080506D0923}
	EndGlobalSection
	GlobalSection(ExtensibilityGlobals) = postSolution
		SolutionGuid = {4EBC03DB-AE37-4141-8147-692F16E0ED02}
	EndGlobalSection
EndGlobal
